// !$*UTF8*$!
{
	archiveVersion = 1;
	classes = {
	};
	objectVersion = 77;
	objects = {

/* Begin PBXContainerItemProxy section */
		53D32AAD2CD08733000ECDE7 /* PBXContainerItemProxy */ = {
			isa = PBXContainerItemProxy;
			containerPortal = 53D32A932CD08732000ECDE7 /* Project object */;
			proxyType = 1;
			remoteGlobalIDString = 53D32A9A2CD08732000ECDE7;
			remoteInfo = Pokeberry;
		};
		53D32AB72CD08733000ECDE7 /* PBXContainerItemProxy */ = {
			isa = PBXContainerItemProxy;
			containerPortal = 53D32A932CD08732000ECDE7 /* Project object */;
			proxyType = 1;
			remoteGlobalIDString = 53D32A9A2CD08732000ECDE7;
			remoteInfo = Pokeberry;
		};
/* End PBXContainerItemProxy section */

/* Begin PBXFileReference section */
		53D32A9B2CD08732000ECDE7 /* Pokeberry.app */ = {isa = PBXFileReference; explicitFileType = wrapper.application; includeInIndex = 0; path = Pokeberry.app; sourceTree = BUILT_PRODUCTS_DIR; };
		53D32AAC2CD08733000ECDE7 /* PokeberryTests.xctest */ = {isa = PBXFileReference; explicitFileType = wrapper.cfbundle; includeInIndex = 0; path = PokeberryTests.xctest; sourceTree = BUILT_PRODUCTS_DIR; };
		53D32AB62CD08733000ECDE7 /* PokeberryUITests.xctest */ = {isa = PBXFileReference; explicitFileType = wrapper.cfbundle; includeInIndex = 0; path = PokeberryUITests.xctest; sourceTree = BUILT_PRODUCTS_DIR; };
/* End PBXFileReference section */

/* Begin PBXFileSystemSynchronizedRootGroup section */
		53D32A9D2CD08732000ECDE7 /* Pokeberry */ = {
			isa = PBXFileSystemSynchronizedRootGroup;
			path = Pokeberry;
			sourceTree = "<group>";
		};
		53D32AAF2CD08733000ECDE7 /* PokeberryTests */ = {
			isa = PBXFileSystemSynchronizedRootGroup;
			path = PokeberryTests;
			sourceTree = "<group>";
		};
		53D32AB92CD08733000ECDE7 /* PokeberryUITests */ = {
			isa = PBXFileSystemSynchronizedRootGroup;
			path = PokeberryUITests;
			sourceTree = "<group>";
		};
/* End PBXFileSystemSynchronizedRootGroup section */

/* Begin PBXFrameworksBuildPhase section */
		53D32A982CD08732000ECDE7 /* Frameworks */ = {
			isa = PBXFrameworksBuildPhase;
			buildActionMask = 2147483647;
			files = (
			);
			runOnlyForDeploymentPostprocessing = 0;
		};
		53D32AA92CD08733000ECDE7 /* Frameworks */ = {
			isa = PBXFrameworksBuildPhase;
			buildActionMask = 2147483647;
			files = (
			);
			runOnlyForDeploymentPostprocessing = 0;
		};
		53D32AB32CD08733000ECDE7 /* Frameworks */ = {
			isa = PBXFrameworksBuildPhase;
			buildActionMask = 2147483647;
			files = (
			);
			runOnlyForDeploymentPostprocessing = 0;
		};
/* End PBXFrameworksBuildPhase section */

/* Begin PBXGroup section */
		53D32A922CD08732000ECDE7 = {
			isa = PBXGroup;
			children = (
				53D32A9D2CD08732000ECDE7 /* Pokeberry */,
				53D32AAF2CD08733000ECDE7 /* PokeberryTests */,
				53D32AB92CD08733000ECDE7 /* PokeberryUITests */,
				53D32A9C2CD08732000ECDE7 /* Products */,
			);
			sourceTree = "<group>";
		};
		53D32A9C2CD08732000ECDE7 /* Products */ = {
			isa = PBXGroup;
			children = (
				53D32A9B2CD08732000ECDE7 /* Pokeberry.app */,
				53D32AAC2CD08733000ECDE7 /* PokeberryTests.xctest */,
				53D32AB62CD08733000ECDE7 /* PokeberryUITests.xctest */,
			);
			name = Products;
			sourceTree = "<group>";
		};
/* End PBXGroup section */

/* Begin PBXNativeTarget section */
		53D32A9A2CD08732000ECDE7 /* Pokeberry */ = {
			isa = PBXNativeTarget;
			buildConfigurationList = 53D32AC02CD08733000ECDE7 /* Build configuration list for PBXNativeTarget "Pokeberry" */;
			buildPhases = (
				53D32A972CD08732000ECDE7 /* Sources */,
				53D32A982CD08732000ECDE7 /* Frameworks */,
				53D32A992CD08732000ECDE7 /* Resources */,
			);
			buildRules = (
			);
			dependencies = (
			);
			fileSystemSynchronizedGroups = (
				53D32A9D2CD08732000ECDE7 /* Pokeberry */,
			);
			name = Pokeberry;
			packageProductDependencies = (
			);
			productName = Pokeberry;
			productReference = 53D32A9B2CD08732000ECDE7 /* Pokeberry.app */;
			productType = "com.apple.product-type.application";
		};
		53D32AAB2CD08733000ECDE7 /* PokeberryTests */ = {
			isa = PBXNativeTarget;
			buildConfigurationList = 53D32AC32CD08733000ECDE7 /* Build configuration list for PBXNativeTarget "PokeberryTests" */;
			buildPhases = (
				53D32AA82CD08733000ECDE7 /* Sources */,
				53D32AA92CD08733000ECDE7 /* Frameworks */,
				53D32AAA2CD08733000ECDE7 /* Resources */,
			);
			buildRules = (
			);
			dependencies = (
				53D32AAE2CD08733000ECDE7 /* PBXTargetDependency */,
			);
			fileSystemSynchronizedGroups = (
				53D32AAF2CD08733000ECDE7 /* PokeberryTests */,
			);
			name = PokeberryTests;
			packageProductDependencies = (
			);
			productName = PokeberryTests;
			productReference = 53D32AAC2CD08733000ECDE7 /* PokeberryTests.xctest */;
			productType = "com.apple.product-type.bundle.unit-test";
		};
		53D32AB52CD08733000ECDE7 /* PokeberryUITests */ = {
			isa = PBXNativeTarget;
			buildConfigurationList = 53D32AC62CD08733000ECDE7 /* Build configuration list for PBXNativeTarget "PokeberryUITests" */;
			buildPhases = (
				53D32AB22CD08733000ECDE7 /* Sources */,
				53D32AB32CD08733000ECDE7 /* Frameworks */,
				53D32AB42CD08733000ECDE7 /* Resources */,
			);
			buildRules = (
			);
			dependencies = (
				53D32AB82CD08733000ECDE7 /* PBXTargetDependency */,
			);
			fileSystemSynchronizedGroups = (
				53D32AB92CD08733000ECDE7 /* PokeberryUITests */,
			);
			name = PokeberryUITests;
			packageProductDependencies = (
			);
			productName = PokeberryUITests;
			productReference = 53D32AB62CD08733000ECDE7 /* PokeberryUITests.xctest */;
			productType = "com.apple.product-type.bundle.ui-testing";
		};
/* End PBXNativeTarget section */

/* Begin PBXProject section */
		53D32A932CD08732000ECDE7 /* Project object */ = {
			isa = PBXProject;
			attributes = {
				BuildIndependentTargetsInParallel = 1;
				LastSwiftUpdateCheck = 1600;
				LastUpgradeCheck = 1620;
				TargetAttributes = {
					53D32A9A2CD08732000ECDE7 = {
						CreatedOnToolsVersion = 16.0;
					};
					53D32AAB2CD08733000ECDE7 = {
						CreatedOnToolsVersion = 16.0;
						TestTargetID = 53D32A9A2CD08732000ECDE7;
					};
					53D32AB52CD08733000ECDE7 = {
						CreatedOnToolsVersion = 16.0;
						TestTargetID = 53D32A9A2CD08732000ECDE7;
					};
				};
			};
			buildConfigurationList = 53D32A962CD08732000ECDE7 /* Build configuration list for PBXProject "Pokeberry" */;
			developmentRegion = en;
			hasScannedForEncodings = 0;
			knownRegions = (
				en,
				Base,
			);
			mainGroup = 53D32A922CD08732000ECDE7;
			minimizedProjectReferenceProxies = 1;
			preferredProjectObjectVersion = 77;
			productRefGroup = 53D32A9C2CD08732000ECDE7 /* Products */;
			projectDirPath = "";
			projectRoot = "";
			targets = (
				53D32A9A2CD08732000ECDE7 /* Pokeberry */,
				53D32AAB2CD08733000ECDE7 /* PokeberryTests */,
				53D32AB52CD08733000ECDE7 /* PokeberryUITests */,
			);
		};
/* End PBXProject section */

/* Begin PBXResourcesBuildPhase section */
		53D32A992CD08732000ECDE7 /* Resources */ = {
			isa = PBXResourcesBuildPhase;
			buildActionMask = 2147483647;
			files = (
			);
			runOnlyForDeploymentPostprocessing = 0;
		};
		53D32AAA2CD08733000ECDE7 /* Resources */ = {
			isa = PBXResourcesBuildPhase;
			buildActionMask = 2147483647;
			files = (
			);
			runOnlyForDeploymentPostprocessing = 0;
		};
		53D32AB42CD08733000ECDE7 /* Resources */ = {
			isa = PBXResourcesBuildPhase;
			buildActionMask = 2147483647;
			files = (
			);
			runOnlyForDeploymentPostprocessing = 0;
		};
/* End PBXResourcesBuildPhase section */

/* Begin PBXSourcesBuildPhase section */
		53D32A972CD08732000ECDE7 /* Sources */ = {
			isa = PBXSourcesBuildPhase;
			buildActionMask = 2147483647;
			files = (
			);
			runOnlyForDeploymentPostprocessing = 0;
		};
		53D32AA82CD08733000ECDE7 /* Sources */ = {
			isa = PBXSourcesBuildPhase;
			buildActionMask = 2147483647;
			files = (
			);
			runOnlyForDeploymentPostprocessing = 0;
		};
		53D32AB22CD08733000ECDE7 /* Sources */ = {
			isa = PBXSourcesBuildPhase;
			buildActionMask = 2147483647;
			files = (
			);
			runOnlyForDeploymentPostprocessing = 0;
		};
/* End PBXSourcesBuildPhase section */

/* Begin PBXTargetDependency section */
		53D32AAE2CD08733000ECDE7 /* PBXTargetDependency */ = {
			isa = PBXTargetDependency;
			target = 53D32A9A2CD08732000ECDE7 /* Pokeberry */;
			targetProxy = 53D32AAD2CD08733000ECDE7 /* PBXContainerItemProxy */;
		};
		53D32AB82CD08733000ECDE7 /* PBXTargetDependency */ = {
			isa = PBXTargetDependency;
			target = 53D32A9A2CD08732000ECDE7 /* Pokeberry */;
			targetProxy = 53D32AB72CD08733000ECDE7 /* PBXContainerItemProxy */;
		};
/* End PBXTargetDependency section */

/* Begin XCBuildConfiguration section */
		53D32ABE2CD08733000ECDE7 /* Debug */ = {
			isa = XCBuildConfiguration;
			buildSettings = {
				ALWAYS_SEARCH_USER_PATHS = NO;
				ASSETCATALOG_COMPILER_GENERATE_SWIFT_ASSET_SYMBOL_EXTENSIONS = YES;
				CLANG_ANALYZER_NONNULL = YES;
				CLANG_ANALYZER_NUMBER_OBJECT_CONVERSION = YES_AGGRESSIVE;
				CLANG_CXX_LANGUAGE_STANDARD = "gnu++20";
				CLANG_ENABLE_MODULES = YES;
				CLANG_ENABLE_OBJC_ARC = YES;
				CLANG_ENABLE_OBJC_WEAK = YES;
				CLANG_WARN_BLOCK_CAPTURE_AUTORELEASING = YES;
				CLANG_WARN_BOOL_CONVERSION = YES;
				CLANG_WARN_COMMA = YES;
				CLANG_WARN_CONSTANT_CONVERSION = YES;
				CLANG_WARN_DEPRECATED_OBJC_IMPLEMENTATIONS = YES;
				CLANG_WARN_DIRECT_OBJC_ISA_USAGE = YES_ERROR;
				CLANG_WARN_DOCUMENTATION_COMMENTS = YES;
				CLANG_WARN_EMPTY_BODY = YES;
				CLANG_WARN_ENUM_CONVERSION = YES;
				CLANG_WARN_INFINITE_RECURSION = YES;
				CLANG_WARN_INT_CONVERSION = YES;
				CLANG_WARN_NON_LITERAL_NULL_CONVERSION = YES;
				CLANG_WARN_OBJC_IMPLICIT_RETAIN_SELF = YES;
				CLANG_WARN_OBJC_LITERAL_CONVERSION = YES;
				CLANG_WARN_OBJC_ROOT_CLASS = YES_ERROR;
				CLANG_WARN_QUOTED_INCLUDE_IN_FRAMEWORK_HEADER = YES;
				CLANG_WARN_RANGE_LOOP_ANALYSIS = YES;
				CLANG_WARN_STRICT_PROTOTYPES = YES;
				CLANG_WARN_SUSPICIOUS_MOVE = YES;
				CLANG_WARN_UNGUARDED_AVAILABILITY = YES_AGGRESSIVE;
				CLANG_WARN_UNREACHABLE_CODE = YES;
				CLANG_WARN__DUPLICATE_METHOD_MATCH = YES;
				COPY_PHASE_STRIP = NO;
				DEAD_CODE_STRIPPING = YES;
				DEBUG_INFORMATION_FORMAT = dwarf;
				ENABLE_STRICT_OBJC_MSGSEND = YES;
				ENABLE_TESTABILITY = YES;
				ENABLE_USER_SCRIPT_SANDBOXING = YES;
				GCC_C_LANGUAGE_STANDARD = gnu17;
				GCC_DYNAMIC_NO_PIC = NO;
				GCC_NO_COMMON_BLOCKS = YES;
				GCC_OPTIMIZATION_LEVEL = 0;
				GCC_PREPROCESSOR_DEFINITIONS = (
					"DEBUG=1",
					"$(inherited)",
				);
				GCC_WARN_64_TO_32_BIT_CONVERSION = YES;
				GCC_WARN_ABOUT_RETURN_TYPE = YES_ERROR;
				GCC_WARN_UNDECLARED_SELECTOR = YES;
				GCC_WARN_UNINITIALIZED_AUTOS = YES_AGGRESSIVE;
				GCC_WARN_UNUSED_FUNCTION = YES;
				GCC_WARN_UNUSED_VARIABLE = YES;
				LOCALIZATION_PREFERS_STRING_CATALOGS = YES;
				MACOSX_DEPLOYMENT_TARGET = 14.6;
				MTL_ENABLE_DEBUG_INFO = INCLUDE_SOURCE;
				MTL_FAST_MATH = YES;
				ONLY_ACTIVE_ARCH = YES;
				SDKROOT = macosx;
				SWIFT_ACTIVE_COMPILATION_CONDITIONS = "DEBUG $(inherited)";
				SWIFT_OPTIMIZATION_LEVEL = "-Onone";
			};
			name = Debug;
		};
		53D32ABF2CD08733000ECDE7 /* Release */ = {
			isa = XCBuildConfiguration;
			buildSettings = {
				ALWAYS_SEARCH_USER_PATHS = NO;
				ASSETCATALOG_COMPILER_GENERATE_SWIFT_ASSET_SYMBOL_EXTENSIONS = YES;
				CLANG_ANALYZER_NONNULL = YES;
				CLANG_ANALYZER_NUMBER_OBJECT_CONVERSION = YES_AGGRESSIVE;
				CLANG_CXX_LANGUAGE_STANDARD = "gnu++20";
				CLANG_ENABLE_MODULES = YES;
				CLANG_ENABLE_OBJC_ARC = YES;
				CLANG_ENABLE_OBJC_WEAK = YES;
				CLANG_WARN_BLOCK_CAPTURE_AUTORELEASING = YES;
				CLANG_WARN_BOOL_CONVERSION = YES;
				CLANG_WARN_COMMA = YES;
				CLANG_WARN_CONSTANT_CONVERSION = YES;
				CLANG_WARN_DEPRECATED_OBJC_IMPLEMENTATIONS = YES;
				CLANG_WARN_DIRECT_OBJC_ISA_USAGE = YES_ERROR;
				CLANG_WARN_DOCUMENTATION_COMMENTS = YES;
				CLANG_WARN_EMPTY_BODY = YES;
				CLANG_WARN_ENUM_CONVERSION = YES;
				CLANG_WARN_INFINITE_RECURSION = YES;
				CLANG_WARN_INT_CONVERSION = YES;
				CLANG_WARN_NON_LITERAL_NULL_CONVERSION = YES;
				CLANG_WARN_OBJC_IMPLICIT_RETAIN_SELF = YES;
				CLANG_WARN_OBJC_LITERAL_CONVERSION = YES;
				CLANG_WARN_OBJC_ROOT_CLASS = YES_ERROR;
				CLANG_WARN_QUOTED_INCLUDE_IN_FRAMEWORK_HEADER = YES;
				CLANG_WARN_RANGE_LOOP_ANALYSIS = YES;
				CLANG_WARN_STRICT_PROTOTYPES = YES;
				CLANG_WARN_SUSPICIOUS_MOVE = YES;
				CLANG_WARN_UNGUARDED_AVAILABILITY = YES_AGGRESSIVE;
				CLANG_WARN_UNREACHABLE_CODE = YES;
				CLANG_WARN__DUPLICATE_METHOD_MATCH = YES;
				COPY_PHASE_STRIP = NO;
				DEAD_CODE_STRIPPING = YES;
				DEBUG_INFORMATION_FORMAT = "dwarf-with-dsym";
				ENABLE_NS_ASSERTIONS = NO;
				ENABLE_STRICT_OBJC_MSGSEND = YES;
				ENABLE_USER_SCRIPT_SANDBOXING = YES;
				GCC_C_LANGUAGE_STANDARD = gnu17;
				GCC_NO_COMMON_BLOCKS = YES;
				GCC_WARN_64_TO_32_BIT_CONVERSION = YES;
				GCC_WARN_ABOUT_RETURN_TYPE = YES_ERROR;
				GCC_WARN_UNDECLARED_SELECTOR = YES;
				GCC_WARN_UNINITIALIZED_AUTOS = YES_AGGRESSIVE;
				GCC_WARN_UNUSED_FUNCTION = YES;
				GCC_WARN_UNUSED_VARIABLE = YES;
				LOCALIZATION_PREFERS_STRING_CATALOGS = YES;
				MACOSX_DEPLOYMENT_TARGET = 14.6;
				MTL_ENABLE_DEBUG_INFO = NO;
				MTL_FAST_MATH = YES;
				SDKROOT = macosx;
				SWIFT_COMPILATION_MODE = wholemodule;
			};
			name = Release;
		};
		53D32AC12CD08733000ECDE7 /* Debug */ = {
			isa = XCBuildConfiguration;
			buildSettings = {
				ASSETCATALOG_COMPILER_APPICON_NAME = AppIcon;
				ASSETCATALOG_COMPILER_GLOBAL_ACCENT_COLOR_NAME = AccentColor;
				CODE_SIGN_ENTITLEMENTS = Pokeberry/Pokeberry.entitlements;
				CODE_SIGN_STYLE = Automatic;
				COMBINE_HIDPI_IMAGES = YES;
				CURRENT_PROJECT_VERSION = 1;
				DEAD_CODE_STRIPPING = YES;
				DEVELOPMENT_ASSET_PATHS = "\"Pokeberry/Preview Content\"";
				DEVELOPMENT_TEAM = 5854H57A88;
				ENABLE_HARDENED_RUNTIME = YES;
				ENABLE_PREVIEWS = YES;
				GENERATE_INFOPLIST_FILE = YES;
				INFOPLIST_KEY_NSHumanReadableCopyright = "";
				LD_RUNPATH_SEARCH_PATHS = (
					"$(inherited)",
					"@executable_path/../Frameworks",
				);
				MARKETING_VERSION = 1.0;
				PRODUCT_BUNDLE_IDENTIFIER = com.NghiHuynh.Pokeberry;
				PRODUCT_NAME = "$(TARGET_NAME)";
				SWIFT_EMIT_LOC_STRINGS = YES;
				SWIFT_VERSION = 5.0;
			};
			name = Debug;
		};
		53D32AC22CD08733000ECDE7 /* Release */ = {
			isa = XCBuildConfiguration;
			buildSettings = {
				ASSETCATALOG_COMPILER_APPICON_NAME = AppIcon;
				ASSETCATALOG_COMPILER_GLOBAL_ACCENT_COLOR_NAME = AccentColor;
				CODE_SIGN_ENTITLEMENTS = Pokeberry/Pokeberry.entitlements;
				CODE_SIGN_STYLE = Automatic;
				COMBINE_HIDPI_IMAGES = YES;
				CURRENT_PROJECT_VERSION = 1;
				DEAD_CODE_STRIPPING = YES;
				DEVELOPMENT_ASSET_PATHS = "\"Pokeberry/Preview Content\"";
				DEVELOPMENT_TEAM = 5854H57A88;
				ENABLE_HARDENED_RUNTIME = YES;
				ENABLE_PREVIEWS = YES;
				GENERATE_INFOPLIST_FILE = YES;
				INFOPLIST_KEY_NSHumanReadableCopyright = "";
				LD_RUNPATH_SEARCH_PATHS = (
					"$(inherited)",
					"@executable_path/../Frameworks",
				);
				MARKETING_VERSION = 1.0;
				PRODUCT_BUNDLE_IDENTIFIER = com.NghiHuynh.Pokeberry;
				PRODUCT_NAME = "$(TARGET_NAME)";
				SWIFT_EMIT_LOC_STRINGS = YES;
				SWIFT_VERSION = 5.0;
			};
			name = Release;
		};
		53D32AC42CD08733000ECDE7 /* Debug */ = {
			isa = XCBuildConfiguration;
			buildSettings = {
				BUNDLE_LOADER = "$(TEST_HOST)";
				CODE_SIGN_STYLE = Automatic;
				CURRENT_PROJECT_VERSION = 1;
				DEAD_CODE_STRIPPING = YES;
				DEVELOPMENT_TEAM = 5854H57A88;
				GENERATE_INFOPLIST_FILE = YES;
				MACOSX_DEPLOYMENT_TARGET = 14.6;
				MARKETING_VERSION = 1.0;
				PRODUCT_BUNDLE_IDENTIFIER = com.NghiHuynh.PokeberryTests;
				PRODUCT_NAME = "$(TARGET_NAME)";
				SWIFT_EMIT_LOC_STRINGS = NO;
				SWIFT_VERSION = 5.0;
				TEST_HOST = "$(BUILT_PRODUCTS_DIR)/Pokeberry.app/$(BUNDLE_EXECUTABLE_FOLDER_PATH)/Pokeberry";
			};
			name = Debug;
		};
		53D32AC52CD08733000ECDE7 /* Release */ = {
			isa = XCBuildConfiguration;
			buildSettings = {
				BUNDLE_LOADER = "$(TEST_HOST)";
				CODE_SIGN_STYLE = Automatic;
				CURRENT_PROJECT_VERSION = 1;
				DEAD_CODE_STRIPPING = YES;
				DEVELOPMENT_TEAM = 5854H57A88;
				GENERATE_INFOPLIST_FILE = YES;
				MACOSX_DEPLOYMENT_TARGET = 14.6;
				MARKETING_VERSION = 1.0;
				PRODUCT_BUNDLE_IDENTIFIER = com.NghiHuynh.PokeberryTests;
				PRODUCT_NAME = "$(TARGET_NAME)";
				SWIFT_EMIT_LOC_STRINGS = NO;
				SWIFT_VERSION = 5.0;
				TEST_HOST = "$(BUILT_PRODUCTS_DIR)/Pokeberry.app/$(BUNDLE_EXECUTABLE_FOLDER_PATH)/Pokeberry";
			};
			name = Release;
		};
		53D32AC72CD08733000ECDE7 /* Debug */ = {
			isa = XCBuildConfiguration;
			buildSettings = {
				CODE_SIGN_STYLE = Automatic;
				CURRENT_PROJECT_VERSION = 1;
				DEAD_CODE_STRIPPING = YES;
				DEVELOPMENT_TEAM = 5854H57A88;
				GENERATE_INFOPLIST_FILE = YES;
				MARKETING_VERSION = 1.0;
				PRODUCT_BUNDLE_IDENTIFIER = com.NghiHuynh.PokeberryUITests;
				PRODUCT_NAME = "$(TARGET_NAME)";
				SWIFT_EMIT_LOC_STRINGS = NO;
				SWIFT_VERSION = 5.0;
				TEST_TARGET_NAME = Pokeberry;
			};
			name = Debug;
		};
		53D32AC82CD08733000ECDE7 /* Release */ = {
			isa = XCBuildConfiguration;
			buildSettings = {
				CODE_SIGN_STYLE = Automatic;
				CURRENT_PROJECT_VERSION = 1;
				DEAD_CODE_STRIPPING = YES;
				DEVELOPMENT_TEAM = 5854H57A88;
				GENERATE_INFOPLIST_FILE = YES;
				MARKETING_VERSION = 1.0;
				PRODUCT_BUNDLE_IDENTIFIER = com.NghiHuynh.PokeberryUITests;
				PRODUCT_NAME = "$(TARGET_NAME)";
				SWIFT_EMIT_LOC_STRINGS = NO;
				SWIFT_VERSION = 5.0;
				TEST_TARGET_NAME = Pokeberry;
			};
			name = Release;
		};
/* End XCBuildConfiguration section */

/* Begin XCConfigurationList section */
		53D32A962CD08732000ECDE7 /* Build configuration list for PBXProject "Pokeberry" */ = {
			isa = XCConfigurationList;
			buildConfigurations = (
				53D32ABE2CD08733000ECDE7 /* Debug */,
				53D32ABF2CD08733000ECDE7 /* Release */,
			);
			defaultConfigurationIsVisible = 0;
			defaultConfigurationName = Release;
		};
		53D32AC02CD08733000ECDE7 /* Build configuration list for PBXNativeTarget "Pokeberry" */ = {
			isa = XCConfigurationList;
			buildConfigurations = (
				53D32AC12CD08733000ECDE7 /* Debug */,
				53D32AC22CD08733000ECDE7 /* Release */,
			);
			defaultConfigurationIsVisible = 0;
			defaultConfigurationName = Release;
		};
		53D32AC32CD08733000ECDE7 /* Build configuration list for PBXNativeTarget "PokeberryTests" */ = {
			isa = XCConfigurationList;
			buildConfigurations = (
				53D32AC42CD08733000ECDE7 /* Debug */,
				53D32AC52CD08733000ECDE7 /* Release */,
			);
			defaultConfigurationIsVisible = 0;
			defaultConfigurationName = Release;
		};
		53D32AC62CD08733000ECDE7 /* Build configuration list for PBXNativeTarget "PokeberryUITests" */ = {
			isa = XCConfigurationList;
			buildConfigurations = (
				53D32AC72CD08733000ECDE7 /* Debug */,
				53D32AC82CD08733000ECDE7 /* Release */,
			);
			defaultConfigurationIsVisible = 0;
			defaultConfigurationName = Release;
		};
/* End XCConfigurationList section */
	};
	rootObject = 53D32A932CD08732000ECDE7 /* Project object */;
}
